
Microsoft Visual Studio Solution File, Format Version 12.00
# Visual Studio 15
VisualStudioVersion = 15.0.28010.2050
MinimumVisualStudioVersion = 10.0.40219.1
Project("{8BC9CEB8-8B4A-11D0-8D11-00A0C91BC942}") = "第一次使用VS，练一把", "第一次使用VS，练一把\第一次使用VS，练一把.vcxproj", "{948F9405-6932-4920-84EC-F13797060BAF}"
EndProject
Global
	GlobalSection(SolutionConfigurationPlatforms) = preSolution
		Debug|x64 = Debug|x64
		Debug|x86 = Debug|x86
		Release|x64 = Release|x64
		Release|x86 = Release|x86
	EndGlobalSection
	GlobalSection(ProjectConfigurationPlatforms) = postSolution
		{948F9405-6932-4920-84EC-F13797060BAF}.Debug|x64.ActiveCfg = Debug|x64
		{948F9405-6932-4920-84EC-F13797060BAF}.Debug|x64.Build.0 = Debug|x64
		{948F9405-6932-4920-84EC-F13797060BAF}.Debug|x86.ActiveCfg = Debug|Win32
		{948F9405-6932-4920-84EC-F13797060BAF}.Debug|x86.Build.0 = Debug|Win32
		{948F9405-6932-4920-84EC-F13797060BAF}.Release|x64.ActiveCfg = Release|x64
		{948F9405-6932-4920-84EC-F13797060BAF}.Release|x64.Build.0 = Release|x64
		{948F9405-6932-4920-84EC-F13797060BAF}.Release|x86.ActiveCfg = Release|Win32
		{948F9405-6932-4920-84EC-F13797060BAF}.Release|x86.Build.0 = Release|Win32
	EndGlobalSection
	GlobalSection(SolutionProperties) = preSolution
		HideSolutionNode = FALSE
	EndGlobalSection
	GlobalSection(ExtensibilityGlobals) = postSolution
		SolutionGuid = {41E4A95F-D71D-4F3F-8B83-F355C7D4011A}
	EndGlobalSection
EndGlobal
